
Microsoft Visual Studio Solution File, Format Version 12.00
# Visual Studio 2012
Project("{FAE04EC0-301F-11D3-BF4B-00C04F79EFBC}") = "USBTetminal2", "USBTetminal2\USBTetminal2.csproj", "{00DA47AD-4DF0-4477-AFAB-16D0CC13E435}"
EndProject
Project("{FAE04EC0-301F-11D3-BF4B-00C04F79EFBC}") = "ARMDevice", "ARMDevice\ARMDevice.csproj", "{82809F49-104D-4E31-B678-07F0BE8C562B}"
EndProject
Project("{2150E333-8FDC-42A3-9474-1A3956D46DE8}") = "Modules", "Modules", "{9FD513ED-F2B0-47B9-951B-7CD31AF845E9}"
EndProject
Project("{FAE04EC0-301F-11D3-BF4B-00C04F79EFBC}") = "Excel", "Excel\Excel.csproj", "{8E62B330-D147-4A75-A6C8-438A5CD14630}"
EndProject
Project("{2150E333-8FDC-42A3-9474-1A3956D46DE8}") = "Common", "Common", "{46447245-09B3-42D8-90FE-6161C6F47D69}"
EndProject
Project("{FAE04EC0-301F-11D3-BF4B-00C04F79EFBC}") = "Infrastructure", "Infrastructure\Infrastructure.csproj", "{BC09399A-B7A7-48E6-8FC2-5053846E77C3}"
EndProject
Project("{FAE04EC0-301F-11D3-BF4B-00C04F79EFBC}") = "TestModule", "TestModule\TestModule.csproj", "{BC60A717-A221-467F-B9DB-3263E3008082}"
EndProject
Project("{2150E333-8FDC-42A3-9474-1A3956D46DE8}") = "Referenced Assemblies", "Referenced Assemblies", "{4929DE00-F082-47A3-8ECC-3899A05AB5C8}"
	ProjectSection(SolutionItems) = preProject
		Referenced Assemblies\DynamicDataDisplay.dll = Referenced Assemblies\DynamicDataDisplay.dll
		Referenced Assemblies\FolderBrowser.dll = Referenced Assemblies\FolderBrowser.dll
		Referenced Assemblies\FTD2XX.dll = Referenced Assemblies\FTD2XX.dll
		Referenced Assemblies\FtdAdapter.dll = Referenced Assemblies\FtdAdapter.dll
		Referenced Assemblies\log4net.dll = Referenced Assemblies\log4net.dll
		Referenced Assemblies\Modbus.dll = Referenced Assemblies\Modbus.dll
		Referenced Assemblies\Modbus.Extensions.dll = Referenced Assemblies\Modbus.Extensions.dll
		Referenced Assemblies\Unme.Common.dll = Referenced Assemblies\Unme.Common.dll
	EndProjectSection
EndProject
Project("{FAE04EC0-301F-11D3-BF4B-00C04F79EFBC}") = "ExportModule", "ExportModule\ExportModule.csproj", "{33CF1499-DAE2-4880-B3F6-764E2BB6A551}"
EndProject
Project("{FAE04EC0-301F-11D3-BF4B-00C04F79EFBC}") = "WpfDocumentPreviewer", "WpfDocumentPreviewer\WpfDocumentPreviewer.csproj", "{6A63405A-B6BB-4095-B48C-E720DE021482}"
EndProject
Global
	GlobalSection(SolutionConfigurationPlatforms) = preSolution
		Debug|Any CPU = Debug|Any CPU
		Release|Any CPU = Release|Any CPU
	EndGlobalSection
	GlobalSection(ProjectConfigurationPlatforms) = postSolution
		{00DA47AD-4DF0-4477-AFAB-16D0CC13E435}.Debug|Any CPU.ActiveCfg = Debug|Any CPU
		{00DA47AD-4DF0-4477-AFAB-16D0CC13E435}.Debug|Any CPU.Build.0 = Debug|Any CPU
		{00DA47AD-4DF0-4477-AFAB-16D0CC13E435}.Release|Any CPU.ActiveCfg = Release|Any CPU
		{00DA47AD-4DF0-4477-AFAB-16D0CC13E435}.Release|Any CPU.Build.0 = Release|Any CPU
		{82809F49-104D-4E31-B678-07F0BE8C562B}.Debug|Any CPU.ActiveCfg = Debug|Any CPU
		{82809F49-104D-4E31-B678-07F0BE8C562B}.Debug|Any CPU.Build.0 = Debug|Any CPU
		{82809F49-104D-4E31-B678-07F0BE8C562B}.Release|Any CPU.ActiveCfg = Release|Any CPU
		{82809F49-104D-4E31-B678-07F0BE8C562B}.Release|Any CPU.Build.0 = Release|Any CPU
		{8E62B330-D147-4A75-A6C8-438A5CD14630}.Debug|Any CPU.ActiveCfg = Debug|Any CPU
		{8E62B330-D147-4A75-A6C8-438A5CD14630}.Debug|Any CPU.Build.0 = Debug|Any CPU
		{8E62B330-D147-4A75-A6C8-438A5CD14630}.Release|Any CPU.ActiveCfg = Release|Any CPU
		{8E62B330-D147-4A75-A6C8-438A5CD14630}.Release|Any CPU.Build.0 = Release|Any CPU
		{BC09399A-B7A7-48E6-8FC2-5053846E77C3}.Debug|Any CPU.ActiveCfg = Debug|Any CPU
		{BC09399A-B7A7-48E6-8FC2-5053846E77C3}.Debug|Any CPU.Build.0 = Debug|Any CPU
		{BC09399A-B7A7-48E6-8FC2-5053846E77C3}.Release|Any CPU.ActiveCfg = Release|Any CPU
		{BC09399A-B7A7-48E6-8FC2-5053846E77C3}.Release|Any CPU.Build.0 = Release|Any CPU
		{BC60A717-A221-467F-B9DB-3263E3008082}.Debug|Any CPU.ActiveCfg = Debug|Any CPU
		{BC60A717-A221-467F-B9DB-3263E3008082}.Debug|Any CPU.Build.0 = Debug|Any CPU
		{BC60A717-A221-467F-B9DB-3263E3008082}.Release|Any CPU.ActiveCfg = Release|Any CPU
		{BC60A717-A221-467F-B9DB-3263E3008082}.Release|Any CPU.Build.0 = Release|Any CPU
		{33CF1499-DAE2-4880-B3F6-764E2BB6A551}.Debug|Any CPU.ActiveCfg = Debug|Any CPU
		{33CF1499-DAE2-4880-B3F6-764E2BB6A551}.Debug|Any CPU.Build.0 = Debug|Any CPU
		{33CF1499-DAE2-4880-B3F6-764E2BB6A551}.Release|Any CPU.ActiveCfg = Release|Any CPU
		{33CF1499-DAE2-4880-B3F6-764E2BB6A551}.Release|Any CPU.Build.0 = Release|Any CPU
		{6A63405A-B6BB-4095-B48C-E720DE021482}.Debug|Any CPU.ActiveCfg = Debug|Any CPU
		{6A63405A-B6BB-4095-B48C-E720DE021482}.Debug|Any CPU.Build.0 = Debug|Any CPU
		{6A63405A-B6BB-4095-B48C-E720DE021482}.Release|Any CPU.ActiveCfg = Release|Any CPU
		{6A63405A-B6BB-4095-B48C-E720DE021482}.Release|Any CPU.Build.0 = Release|Any CPU
	EndGlobalSection
	GlobalSection(SolutionProperties) = preSolution
		HideSolutionNode = FALSE
	EndGlobalSection
	GlobalSection(NestedProjects) = preSolution
		{8E62B330-D147-4A75-A6C8-438A5CD14630} = {9FD513ED-F2B0-47B9-951B-7CD31AF845E9}
		{BC60A717-A221-467F-B9DB-3263E3008082} = {9FD513ED-F2B0-47B9-951B-7CD31AF845E9}
		{33CF1499-DAE2-4880-B3F6-764E2BB6A551} = {9FD513ED-F2B0-47B9-951B-7CD31AF845E9}
		{6A63405A-B6BB-4095-B48C-E720DE021482} = {9FD513ED-F2B0-47B9-951B-7CD31AF845E9}
		{BC09399A-B7A7-48E6-8FC2-5053846E77C3} = {46447245-09B3-42D8-90FE-6161C6F47D69}
	EndGlobalSection
EndGlobal
