
Microsoft Visual Studio Solution File, Format Version 12.00
# Visual Studio 2012
Project("{FAE04EC0-301F-11D3-BF4B-00C04F79EFBC}") = "USBTetminal2", "USBTetminal2\USBTetminal2.csproj", "{00DA47AD-4DF0-4477-AFAB-16D0CC13E435}"
EndProject
Project("{FAE04EC0-301F-11D3-BF4B-00C04F79EFBC}") = "ARMDevice", "ARMDevice\ARMDevice.csproj", "{82809F49-104D-4E31-B678-07F0BE8C562B}"
EndProject
Global
	GlobalSection(SolutionConfigurationPlatforms) = preSolution
		Debug|Any CPU = Debug|Any CPU
		Release|Any CPU = Release|Any CPU
	EndGlobalSection
	GlobalSection(ProjectConfigurationPlatforms) = postSolution
		{00DA47AD-4DF0-4477-AFAB-16D0CC13E435}.Debug|Any CPU.ActiveCfg = Debug|Any CPU
		{00DA47AD-4DF0-4477-AFAB-16D0CC13E435}.Debug|Any CPU.Build.0 = Debug|Any CPU
		{00DA47AD-4DF0-4477-AFAB-16D0CC13E435}.Release|Any CPU.ActiveCfg = Release|Any CPU
		{00DA47AD-4DF0-4477-AFAB-16D0CC13E435}.Release|Any CPU.Build.0 = Release|Any CPU
		{82809F49-104D-4E31-B678-07F0BE8C562B}.Debug|Any CPU.ActiveCfg = Debug|Any CPU
		{82809F49-104D-4E31-B678-07F0BE8C562B}.Debug|Any CPU.Build.0 = Debug|Any CPU
		{82809F49-104D-4E31-B678-07F0BE8C562B}.Release|Any CPU.ActiveCfg = Release|Any CPU
		{82809F49-104D-4E31-B678-07F0BE8C562B}.Release|Any CPU.Build.0 = Release|Any CPU
	EndGlobalSection
	GlobalSection(SolutionProperties) = preSolution
		HideSolutionNode = FALSE
	EndGlobalSection
EndGlobal
